
Microsoft Visual Studio Solution File, Format Version 12.00
# Visual Studio 15
VisualStudioVersion = 15.0.28307.489
MinimumVisualStudioVersion = 10.0.40219.1
Project("{2150E333-8FDC-42A3-9474-1A3956D46DE8}") = "Data", "Data", "{B6EE3FF1-F1D3-4161-9302-D85733D2F2BE}"
EndProject
Project("{2150E333-8FDC-42A3-9474-1A3956D46DE8}") = "Domain", "Domain", "{BC7DFC51-B133-4283-84BE-834845E4F22B}"
EndProject
Project("{2150E333-8FDC-42A3-9474-1A3956D46DE8}") = "Entities", "Entities", "{38776419-752A-4ACE-80F4-B222B328A2F2}"
EndProject
Project("{2150E333-8FDC-42A3-9474-1A3956D46DE8}") = "Services", "Services", "{C28204B5-178F-4000-BD65-80DF3EE063A3}"
EndProject
Project("{FAE04EC0-301F-11D3-BF4B-00C04F79EFBC}") = "ElDorado.Data.Acces", "ElDorado.Data.Acces\ElDorado.Data.Acces.csproj", "{CB150BBC-70EE-49C4-B713-2B44CE800748}"
EndProject
Project("{FAE04EC0-301F-11D3-BF4B-00C04F79EFBC}") = "ElDorado.Entities.Base", "ElDorado.Entities.Base\ElDorado.Entities.Base.csproj", "{6A7F1011-46E7-438D-88E5-18B92D11163E}"
EndProject
Project("{FAE04EC0-301F-11D3-BF4B-00C04F79EFBC}") = "ElDorado.Data.Repository.Interface", "ElDorado.Data.Repository.Interface\ElDorado.Data.Repository.Interface.csproj", "{57AF97C0-7C7A-4641-BEDA-33989A62B315}"
EndProject
Project("{FAE04EC0-301F-11D3-BF4B-00C04F79EFBC}") = "ElDorado.Data.Repository", "ElDorado.Data.Repository\ElDorado.Data.Repository.csproj", "{D4C25362-3BF0-46EF-B6B2-1034E4DA61FA}"
EndProject
Project("{FAE04EC0-301F-11D3-BF4B-00C04F79EFBC}") = "ElDorado.Repository.Test", "ElDorado.Repository.Test\ElDorado.Repository.Test.csproj", "{2EF3B826-0EFA-4D05-B6BE-F0828A6871E0}"
EndProject
Project("{FAE04EC0-301F-11D3-BF4B-00C04F79EFBC}") = "ElDorado.Service.WCFLib", "ElDorado.Service.WCFLib\ElDorado.Service.WCFLib.csproj", "{F76926DA-01CD-42EE-A722-D8913EB083F8}"
EndProject
Project("{FAE04EC0-301F-11D3-BF4B-00C04F79EFBC}") = "ElDorado.Service.WCFLib.Interface", "ElDorado.Service.WCFLib.Interface\ElDorado.Service.WCFLib.Interface.csproj", "{15B07D47-7821-4B4B-83A7-72D8F623C799}"
EndProject
Project("{FAE04EC0-301F-11D3-BF4B-00C04F79EFBC}") = "ElDorado.Domain.Interface", "ElDorado.Domain.Interface\ElDorado.Domain.Interface.csproj", "{C56D4A77-3CFF-4A13-9B56-DE2BDE1BA85F}"
EndProject
Project("{FAE04EC0-301F-11D3-BF4B-00C04F79EFBC}") = "ElDorado.Domain", "ElDorado.Domain\ElDorado.Domain.csproj", "{22451DDD-5AEE-47B9-8FCE-A7C8AA9252AB}"
EndProject
Project("{FAE04EC0-301F-11D3-BF4B-00C04F79EFBC}") = "ElDorado.Service.WCF", "ElDorado.Service.WCF\ElDorado.Service.WCF.csproj", "{1CFCDE36-F9E9-4692-B274-C6BE8FEE5F91}"
EndProject
Project("{2150E333-8FDC-42A3-9474-1A3956D46DE8}") = "UI", "UI", "{FDC04C8E-6041-4830-9A9C-9938051AE486}"
EndProject
Project("{FAE04EC0-301F-11D3-BF4B-00C04F79EFBC}") = "ElDoradoC", "ElDoradoC\ElDoradoC.csproj", "{5ECE67A8-51EB-42AD-B98C-EE9BA46CD6F0}"
EndProject
Project("{FAE04EC0-301F-11D3-BF4B-00C04F79EFBC}") = "ElDoradoCallao", "ElDoradoCallao\ElDoradoCallao.csproj", "{05EC940E-5967-4DE7-BBED-799ABC98AF0C}"
EndProject
Global
	GlobalSection(SolutionConfigurationPlatforms) = preSolution
		Debug|Any CPU = Debug|Any CPU
		Release|Any CPU = Release|Any CPU
	EndGlobalSection
	GlobalSection(ProjectConfigurationPlatforms) = postSolution
		{CB150BBC-70EE-49C4-B713-2B44CE800748}.Debug|Any CPU.ActiveCfg = Debug|Any CPU
		{CB150BBC-70EE-49C4-B713-2B44CE800748}.Debug|Any CPU.Build.0 = Debug|Any CPU
		{CB150BBC-70EE-49C4-B713-2B44CE800748}.Release|Any CPU.ActiveCfg = Release|Any CPU
		{CB150BBC-70EE-49C4-B713-2B44CE800748}.Release|Any CPU.Build.0 = Release|Any CPU
		{6A7F1011-46E7-438D-88E5-18B92D11163E}.Debug|Any CPU.ActiveCfg = Debug|Any CPU
		{6A7F1011-46E7-438D-88E5-18B92D11163E}.Debug|Any CPU.Build.0 = Debug|Any CPU
		{6A7F1011-46E7-438D-88E5-18B92D11163E}.Release|Any CPU.ActiveCfg = Release|Any CPU
		{6A7F1011-46E7-438D-88E5-18B92D11163E}.Release|Any CPU.Build.0 = Release|Any CPU
		{57AF97C0-7C7A-4641-BEDA-33989A62B315}.Debug|Any CPU.ActiveCfg = Debug|Any CPU
		{57AF97C0-7C7A-4641-BEDA-33989A62B315}.Debug|Any CPU.Build.0 = Debug|Any CPU
		{57AF97C0-7C7A-4641-BEDA-33989A62B315}.Release|Any CPU.ActiveCfg = Release|Any CPU
		{57AF97C0-7C7A-4641-BEDA-33989A62B315}.Release|Any CPU.Build.0 = Release|Any CPU
		{D4C25362-3BF0-46EF-B6B2-1034E4DA61FA}.Debug|Any CPU.ActiveCfg = Debug|Any CPU
		{D4C25362-3BF0-46EF-B6B2-1034E4DA61FA}.Debug|Any CPU.Build.0 = Debug|Any CPU
		{D4C25362-3BF0-46EF-B6B2-1034E4DA61FA}.Release|Any CPU.ActiveCfg = Release|Any CPU
		{D4C25362-3BF0-46EF-B6B2-1034E4DA61FA}.Release|Any CPU.Build.0 = Release|Any CPU
		{2EF3B826-0EFA-4D05-B6BE-F0828A6871E0}.Debug|Any CPU.ActiveCfg = Debug|Any CPU
		{2EF3B826-0EFA-4D05-B6BE-F0828A6871E0}.Debug|Any CPU.Build.0 = Debug|Any CPU
		{2EF3B826-0EFA-4D05-B6BE-F0828A6871E0}.Release|Any CPU.ActiveCfg = Release|Any CPU
		{2EF3B826-0EFA-4D05-B6BE-F0828A6871E0}.Release|Any CPU.Build.0 = Release|Any CPU
		{F76926DA-01CD-42EE-A722-D8913EB083F8}.Debug|Any CPU.ActiveCfg = Debug|Any CPU
		{F76926DA-01CD-42EE-A722-D8913EB083F8}.Debug|Any CPU.Build.0 = Debug|Any CPU
		{F76926DA-01CD-42EE-A722-D8913EB083F8}.Release|Any CPU.ActiveCfg = Release|Any CPU
		{F76926DA-01CD-42EE-A722-D8913EB083F8}.Release|Any CPU.Build.0 = Release|Any CPU
		{15B07D47-7821-4B4B-83A7-72D8F623C799}.Debug|Any CPU.ActiveCfg = Debug|Any CPU
		{15B07D47-7821-4B4B-83A7-72D8F623C799}.Debug|Any CPU.Build.0 = Debug|Any CPU
		{15B07D47-7821-4B4B-83A7-72D8F623C799}.Release|Any CPU.ActiveCfg = Release|Any CPU
		{15B07D47-7821-4B4B-83A7-72D8F623C799}.Release|Any CPU.Build.0 = Release|Any CPU
		{C56D4A77-3CFF-4A13-9B56-DE2BDE1BA85F}.Debug|Any CPU.ActiveCfg = Debug|Any CPU
		{C56D4A77-3CFF-4A13-9B56-DE2BDE1BA85F}.Debug|Any CPU.Build.0 = Debug|Any CPU
		{C56D4A77-3CFF-4A13-9B56-DE2BDE1BA85F}.Release|Any CPU.ActiveCfg = Release|Any CPU
		{C56D4A77-3CFF-4A13-9B56-DE2BDE1BA85F}.Release|Any CPU.Build.0 = Release|Any CPU
		{22451DDD-5AEE-47B9-8FCE-A7C8AA9252AB}.Debug|Any CPU.ActiveCfg = Debug|Any CPU
		{22451DDD-5AEE-47B9-8FCE-A7C8AA9252AB}.Debug|Any CPU.Build.0 = Debug|Any CPU
		{22451DDD-5AEE-47B9-8FCE-A7C8AA9252AB}.Release|Any CPU.ActiveCfg = Release|Any CPU
		{22451DDD-5AEE-47B9-8FCE-A7C8AA9252AB}.Release|Any CPU.Build.0 = Release|Any CPU
		{1CFCDE36-F9E9-4692-B274-C6BE8FEE5F91}.Debug|Any CPU.ActiveCfg = Debug|Any CPU
		{1CFCDE36-F9E9-4692-B274-C6BE8FEE5F91}.Debug|Any CPU.Build.0 = Debug|Any CPU
		{1CFCDE36-F9E9-4692-B274-C6BE8FEE5F91}.Release|Any CPU.ActiveCfg = Release|Any CPU
		{1CFCDE36-F9E9-4692-B274-C6BE8FEE5F91}.Release|Any CPU.Build.0 = Release|Any CPU
		{5ECE67A8-51EB-42AD-B98C-EE9BA46CD6F0}.Debug|Any CPU.ActiveCfg = Debug|Any CPU
		{5ECE67A8-51EB-42AD-B98C-EE9BA46CD6F0}.Debug|Any CPU.Build.0 = Debug|Any CPU
		{5ECE67A8-51EB-42AD-B98C-EE9BA46CD6F0}.Release|Any CPU.ActiveCfg = Release|Any CPU
		{5ECE67A8-51EB-42AD-B98C-EE9BA46CD6F0}.Release|Any CPU.Build.0 = Release|Any CPU
		{05EC940E-5967-4DE7-BBED-799ABC98AF0C}.Debug|Any CPU.ActiveCfg = Debug|Any CPU
		{05EC940E-5967-4DE7-BBED-799ABC98AF0C}.Debug|Any CPU.Build.0 = Debug|Any CPU
		{05EC940E-5967-4DE7-BBED-799ABC98AF0C}.Release|Any CPU.ActiveCfg = Release|Any CPU
		{05EC940E-5967-4DE7-BBED-799ABC98AF0C}.Release|Any CPU.Build.0 = Release|Any CPU
	EndGlobalSection
	GlobalSection(SolutionProperties) = preSolution
		HideSolutionNode = FALSE
	EndGlobalSection
	GlobalSection(NestedProjects) = preSolution
		{CB150BBC-70EE-49C4-B713-2B44CE800748} = {B6EE3FF1-F1D3-4161-9302-D85733D2F2BE}
		{6A7F1011-46E7-438D-88E5-18B92D11163E} = {38776419-752A-4ACE-80F4-B222B328A2F2}
		{57AF97C0-7C7A-4641-BEDA-33989A62B315} = {B6EE3FF1-F1D3-4161-9302-D85733D2F2BE}
		{D4C25362-3BF0-46EF-B6B2-1034E4DA61FA} = {B6EE3FF1-F1D3-4161-9302-D85733D2F2BE}
		{2EF3B826-0EFA-4D05-B6BE-F0828A6871E0} = {B6EE3FF1-F1D3-4161-9302-D85733D2F2BE}
		{F76926DA-01CD-42EE-A722-D8913EB083F8} = {C28204B5-178F-4000-BD65-80DF3EE063A3}
		{15B07D47-7821-4B4B-83A7-72D8F623C799} = {C28204B5-178F-4000-BD65-80DF3EE063A3}
		{C56D4A77-3CFF-4A13-9B56-DE2BDE1BA85F} = {BC7DFC51-B133-4283-84BE-834845E4F22B}
		{22451DDD-5AEE-47B9-8FCE-A7C8AA9252AB} = {BC7DFC51-B133-4283-84BE-834845E4F22B}
		{1CFCDE36-F9E9-4692-B274-C6BE8FEE5F91} = {C28204B5-178F-4000-BD65-80DF3EE063A3}
		{5ECE67A8-51EB-42AD-B98C-EE9BA46CD6F0} = {FDC04C8E-6041-4830-9A9C-9938051AE486}
		{05EC940E-5967-4DE7-BBED-799ABC98AF0C} = {FDC04C8E-6041-4830-9A9C-9938051AE486}
	EndGlobalSection
	GlobalSection(ExtensibilityGlobals) = postSolution
		SolutionGuid = {4AFA73AA-057E-408A-AA07-ED468659483E}
	EndGlobalSection
EndGlobal
